
Microsoft Visual Studio Solution File, Format Version 12.00
# Visual Studio Version 17
VisualStudioVersion = 17.14.36408.4 d17.14
MinimumVisualStudioVersion = 10.0.40219.1
Project("{FAE04EC0-301F-11D3-BF4B-00C04F79EFBC}") = "GabeRyan_Conditionals", "GabeRyan_Conditionals\GabeRyan_Conditionals.csproj", "{B15BA28C-D5F1-45DC-B251-2FB10B8046C3}"
EndProject
Global
	GlobalSection(SolutionConfigurationPlatforms) = preSolution
		Debug|Any CPU = Debug|Any CPU
		Release|Any CPU = Release|Any CPU
	EndGlobalSection
	GlobalSection(ProjectConfigurationPlatforms) = postSolution
		{B15BA28C-D5F1-45DC-B251-2FB10B8046C3}.Debug|Any CPU.ActiveCfg = Debug|Any CPU
		{B15BA28C-D5F1-45DC-B251-2FB10B8046C3}.Debug|Any CPU.Build.0 = Debug|Any CPU
		{B15BA28C-D5F1-45DC-B251-2FB10B8046C3}.Release|Any CPU.ActiveCfg = Release|Any CPU
		{B15BA28C-D5F1-45DC-B251-2FB10B8046C3}.Release|Any CPU.Build.0 = Release|Any CPU
	EndGlobalSection
	GlobalSection(SolutionProperties) = preSolution
		HideSolutionNode = FALSE
	EndGlobalSection
	GlobalSection(ExtensibilityGlobals) = postSolution
		SolutionGuid = {DDEB8BF9-C14C-4FEB-B4C9-1560E593CD08}
	EndGlobalSection
EndGlobal
